
Microsoft Visual Studio Solution File, Format Version 12.00
# Visual Studio Version 17
VisualStudioVersion = 17.5.002.0
MinimumVisualStudioVersion = 10.0.40219.1
Project("{9A19103F-16F7-4668-BE54-9A1E7A4F7556}") = "TillManagement", "TillManagement.csproj", "{4CC82E52-FD6A-4331-AB2B-086E9E5AE3FF}"
EndProject
Global
	GlobalSection(SolutionConfigurationPlatforms) = preSolution
		Debug|Any CPU = Debug|Any CPU
		Release|Any CPU = Release|Any CPU
	EndGlobalSection
	GlobalSection(ProjectConfigurationPlatforms) = postSolution
		{4CC82E52-FD6A-4331-AB2B-086E9E5AE3FF}.Debug|Any CPU.ActiveCfg = Debug|Any CPU
		{4CC82E52-FD6A-4331-AB2B-086E9E5AE3FF}.Debug|Any CPU.Build.0 = Debug|Any CPU
		{4CC82E52-FD6A-4331-AB2B-086E9E5AE3FF}.Release|Any CPU.ActiveCfg = Release|Any CPU
		{4CC82E52-FD6A-4331-AB2B-086E9E5AE3FF}.Release|Any CPU.Build.0 = Release|Any CPU
	EndGlobalSection
	GlobalSection(SolutionProperties) = preSolution
		HideSolutionNode = FALSE
	EndGlobalSection
	GlobalSection(ExtensibilityGlobals) = postSolution
		SolutionGuid = {88871CBD-C514-4523-9D54-055245A91097}
	EndGlobalSection
EndGlobal
